
Microsoft Visual Studio Solution File, Format Version 12.00
# Visual Studio 15
VisualStudioVersion = 15.0.28307.572
MinimumVisualStudioVersion = 10.0.40219.1
Project("{FAE04EC0-301F-11D3-BF4B-00C04F79EFBC}") = "P01_Combination", "P01_Combination\P01_Combination.csproj", "{6D04DFB7-F160-4D6F-ACD0-AEC8820B2F4D}"
EndProject
Project("{FAE04EC0-301F-11D3-BF4B-00C04F79EFBC}") = "P02_Building", "P02_Building\P02_Building.csproj", "{24AC94B1-4A4B-4FF2-A6B9-556F3F79C66F}"
EndProject
Project("{FAE04EC0-301F-11D3-BF4B-00C04F79EFBC}") = "P03_Travelling", "P03_Travelling\P03_Travelling.csproj", "{0E92E647-1957-4AF5-BCA2-2442537DDB6F}"
EndProject
Project("{FAE04EC0-301F-11D3-BF4B-00C04F79EFBC}") = "P04_NameWars", "P04_NameWars\P04_NameWars.csproj", "{9ADB1769-F024-44BE-8949-C0A1D1761692}"
EndProject
Project("{FAE04EC0-301F-11D3-BF4B-00C04F79EFBC}") = "P05_CookieFactory", "P05_CookieFactory\P05_CookieFactory.csproj", "{DD71E682-3A50-43C2-8250-E19BA3AF0772}"
EndProject
Project("{FAE04EC0-301F-11D3-BF4B-00C04F79EFBC}") = "P06_MagicNumbers", "P06_MagicNumbers\P06_MagicNumbers.csproj", "{962F8778-6AD6-464E-B25A-804E7A48FA9A}"
EndProject
Global
	GlobalSection(SolutionConfigurationPlatforms) = preSolution
		Debug|Any CPU = Debug|Any CPU
		Release|Any CPU = Release|Any CPU
	EndGlobalSection
	GlobalSection(ProjectConfigurationPlatforms) = postSolution
		{6D04DFB7-F160-4D6F-ACD0-AEC8820B2F4D}.Debug|Any CPU.ActiveCfg = Debug|Any CPU
		{6D04DFB7-F160-4D6F-ACD0-AEC8820B2F4D}.Debug|Any CPU.Build.0 = Debug|Any CPU
		{6D04DFB7-F160-4D6F-ACD0-AEC8820B2F4D}.Release|Any CPU.ActiveCfg = Release|Any CPU
		{6D04DFB7-F160-4D6F-ACD0-AEC8820B2F4D}.Release|Any CPU.Build.0 = Release|Any CPU
		{24AC94B1-4A4B-4FF2-A6B9-556F3F79C66F}.Debug|Any CPU.ActiveCfg = Debug|Any CPU
		{24AC94B1-4A4B-4FF2-A6B9-556F3F79C66F}.Debug|Any CPU.Build.0 = Debug|Any CPU
		{24AC94B1-4A4B-4FF2-A6B9-556F3F79C66F}.Release|Any CPU.ActiveCfg = Release|Any CPU
		{24AC94B1-4A4B-4FF2-A6B9-556F3F79C66F}.Release|Any CPU.Build.0 = Release|Any CPU
		{0E92E647-1957-4AF5-BCA2-2442537DDB6F}.Debug|Any CPU.ActiveCfg = Debug|Any CPU
		{0E92E647-1957-4AF5-BCA2-2442537DDB6F}.Debug|Any CPU.Build.0 = Debug|Any CPU
		{0E92E647-1957-4AF5-BCA2-2442537DDB6F}.Release|Any CPU.ActiveCfg = Release|Any CPU
		{0E92E647-1957-4AF5-BCA2-2442537DDB6F}.Release|Any CPU.Build.0 = Release|Any CPU
		{9ADB1769-F024-44BE-8949-C0A1D1761692}.Debug|Any CPU.ActiveCfg = Debug|Any CPU
		{9ADB1769-F024-44BE-8949-C0A1D1761692}.Debug|Any CPU.Build.0 = Debug|Any CPU
		{9ADB1769-F024-44BE-8949-C0A1D1761692}.Release|Any CPU.ActiveCfg = Release|Any CPU
		{9ADB1769-F024-44BE-8949-C0A1D1761692}.Release|Any CPU.Build.0 = Release|Any CPU
		{DD71E682-3A50-43C2-8250-E19BA3AF0772}.Debug|Any CPU.ActiveCfg = Debug|Any CPU
		{DD71E682-3A50-43C2-8250-E19BA3AF0772}.Debug|Any CPU.Build.0 = Debug|Any CPU
		{DD71E682-3A50-43C2-8250-E19BA3AF0772}.Release|Any CPU.ActiveCfg = Release|Any CPU
		{DD71E682-3A50-43C2-8250-E19BA3AF0772}.Release|Any CPU.Build.0 = Release|Any CPU
		{962F8778-6AD6-464E-B25A-804E7A48FA9A}.Debug|Any CPU.ActiveCfg = Debug|Any CPU
		{962F8778-6AD6-464E-B25A-804E7A48FA9A}.Debug|Any CPU.Build.0 = Debug|Any CPU
		{962F8778-6AD6-464E-B25A-804E7A48FA9A}.Release|Any CPU.ActiveCfg = Release|Any CPU
		{962F8778-6AD6-464E-B25A-804E7A48FA9A}.Release|Any CPU.Build.0 = Release|Any CPU
	EndGlobalSection
	GlobalSection(SolutionProperties) = preSolution
		HideSolutionNode = FALSE
	EndGlobalSection
	GlobalSection(ExtensibilityGlobals) = postSolution
		SolutionGuid = {525236C4-5B49-4BBE-9628-9354E44817AE}
	EndGlobalSection
EndGlobal
