
Microsoft Visual Studio Solution File, Format Version 12.00
# Visual Studio 15
VisualStudioVersion = 15.0.28307.779
MinimumVisualStudioVersion = 10.0.40219.1
Project("{FAE04EC0-301F-11D3-BF4B-00C04F79EFBC}") = "SoftUniParking", "SoftUniParking\SoftUniParking.csproj", "{22461426-2F6C-4464-B99D-4AF7457522D9}"
EndProject
Global
	GlobalSection(SolutionConfigurationPlatforms) = preSolution
		Debug|Any CPU = Debug|Any CPU
		Release|Any CPU = Release|Any CPU
	EndGlobalSection
	GlobalSection(ProjectConfigurationPlatforms) = postSolution
		{22461426-2F6C-4464-B99D-4AF7457522D9}.Debug|Any CPU.ActiveCfg = Debug|Any CPU
		{22461426-2F6C-4464-B99D-4AF7457522D9}.Debug|Any CPU.Build.0 = Debug|Any CPU
		{22461426-2F6C-4464-B99D-4AF7457522D9}.Release|Any CPU.ActiveCfg = Release|Any CPU
		{22461426-2F6C-4464-B99D-4AF7457522D9}.Release|Any CPU.Build.0 = Release|Any CPU
	EndGlobalSection
	GlobalSection(SolutionProperties) = preSolution
		HideSolutionNode = FALSE
	EndGlobalSection
	GlobalSection(ExtensibilityGlobals) = postSolution
		SolutionGuid = {C16CD49D-BAFF-4F06-B442-E49D0B5591FB}
	EndGlobalSection
EndGlobal
