
Microsoft Visual Studio Solution File, Format Version 12.00
# Visual Studio 15
VisualStudioVersion = 15.0.28307.779
MinimumVisualStudioVersion = 10.0.40219.1
Project("{FAE04EC0-301F-11D3-BF4B-00C04F79EFBC}") = "P01_CountSameValuesInArray", "P01_CountSameValuesInArray\P01_CountSameValuesInArray.csproj", "{C0DEC785-B07B-4731-BE48-2398579A32E8}"
EndProject
Project("{FAE04EC0-301F-11D3-BF4B-00C04F79EFBC}") = "P02_AverageStudentGrades", "P02_AverageStudentGrades\P02_AverageStudentGrades.csproj", "{D2D9B059-7FD8-4CB2-AF30-95F0C10899E8}"
EndProject
Project("{FAE04EC0-301F-11D3-BF4B-00C04F79EFBC}") = "P03_ProductShop", "P03_ProductShop\P03_ProductShop.csproj", "{768A77B1-4994-45F9-9D47-C1B0B1334E4E}"
EndProject
Project("{FAE04EC0-301F-11D3-BF4B-00C04F79EFBC}") = "P04_CitiesByContinentAndCountry", "P04_CitiesByContinentAndCountry\P04_CitiesByContinentAndCountry.csproj", "{321A0710-084F-4729-963C-C8C5F6FD36E5}"
EndProject
Project("{FAE04EC0-301F-11D3-BF4B-00C04F79EFBC}") = "P05_RecordUniqueNames", "P05_RecordUniqueNames\P05_RecordUniqueNames.csproj", "{8CE4BCFC-E804-492F-B97A-778815BF28D9}"
EndProject
Project("{FAE04EC0-301F-11D3-BF4B-00C04F79EFBC}") = "P06_ParkingLot", "P06_ParkingLot\P06_ParkingLot.csproj", "{E2CC4C77-BBAB-4AC0-A2BD-847149E9B930}"
EndProject
Project("{FAE04EC0-301F-11D3-BF4B-00C04F79EFBC}") = "P07_SoftUniParty", "P07_SoftUniParty\P07_SoftUniParty.csproj", "{5F7B1FFB-9E4E-41C3-A3B1-337FB179F4D3}"
EndProject
Global
	GlobalSection(SolutionConfigurationPlatforms) = preSolution
		Debug|Any CPU = Debug|Any CPU
		Release|Any CPU = Release|Any CPU
	EndGlobalSection
	GlobalSection(ProjectConfigurationPlatforms) = postSolution
		{C0DEC785-B07B-4731-BE48-2398579A32E8}.Debug|Any CPU.ActiveCfg = Debug|Any CPU
		{C0DEC785-B07B-4731-BE48-2398579A32E8}.Debug|Any CPU.Build.0 = Debug|Any CPU
		{C0DEC785-B07B-4731-BE48-2398579A32E8}.Release|Any CPU.ActiveCfg = Release|Any CPU
		{C0DEC785-B07B-4731-BE48-2398579A32E8}.Release|Any CPU.Build.0 = Release|Any CPU
		{D2D9B059-7FD8-4CB2-AF30-95F0C10899E8}.Debug|Any CPU.ActiveCfg = Debug|Any CPU
		{D2D9B059-7FD8-4CB2-AF30-95F0C10899E8}.Debug|Any CPU.Build.0 = Debug|Any CPU
		{D2D9B059-7FD8-4CB2-AF30-95F0C10899E8}.Release|Any CPU.ActiveCfg = Release|Any CPU
		{D2D9B059-7FD8-4CB2-AF30-95F0C10899E8}.Release|Any CPU.Build.0 = Release|Any CPU
		{768A77B1-4994-45F9-9D47-C1B0B1334E4E}.Debug|Any CPU.ActiveCfg = Debug|Any CPU
		{768A77B1-4994-45F9-9D47-C1B0B1334E4E}.Debug|Any CPU.Build.0 = Debug|Any CPU
		{768A77B1-4994-45F9-9D47-C1B0B1334E4E}.Release|Any CPU.ActiveCfg = Release|Any CPU
		{768A77B1-4994-45F9-9D47-C1B0B1334E4E}.Release|Any CPU.Build.0 = Release|Any CPU
		{321A0710-084F-4729-963C-C8C5F6FD36E5}.Debug|Any CPU.ActiveCfg = Debug|Any CPU
		{321A0710-084F-4729-963C-C8C5F6FD36E5}.Debug|Any CPU.Build.0 = Debug|Any CPU
		{321A0710-084F-4729-963C-C8C5F6FD36E5}.Release|Any CPU.ActiveCfg = Release|Any CPU
		{321A0710-084F-4729-963C-C8C5F6FD36E5}.Release|Any CPU.Build.0 = Release|Any CPU
		{8CE4BCFC-E804-492F-B97A-778815BF28D9}.Debug|Any CPU.ActiveCfg = Debug|Any CPU
		{8CE4BCFC-E804-492F-B97A-778815BF28D9}.Debug|Any CPU.Build.0 = Debug|Any CPU
		{8CE4BCFC-E804-492F-B97A-778815BF28D9}.Release|Any CPU.ActiveCfg = Release|Any CPU
		{8CE4BCFC-E804-492F-B97A-778815BF28D9}.Release|Any CPU.Build.0 = Release|Any CPU
		{E2CC4C77-BBAB-4AC0-A2BD-847149E9B930}.Debug|Any CPU.ActiveCfg = Debug|Any CPU
		{E2CC4C77-BBAB-4AC0-A2BD-847149E9B930}.Debug|Any CPU.Build.0 = Debug|Any CPU
		{E2CC4C77-BBAB-4AC0-A2BD-847149E9B930}.Release|Any CPU.ActiveCfg = Release|Any CPU
		{E2CC4C77-BBAB-4AC0-A2BD-847149E9B930}.Release|Any CPU.Build.0 = Release|Any CPU
		{5F7B1FFB-9E4E-41C3-A3B1-337FB179F4D3}.Debug|Any CPU.ActiveCfg = Debug|Any CPU
		{5F7B1FFB-9E4E-41C3-A3B1-337FB179F4D3}.Debug|Any CPU.Build.0 = Debug|Any CPU
		{5F7B1FFB-9E4E-41C3-A3B1-337FB179F4D3}.Release|Any CPU.ActiveCfg = Release|Any CPU
		{5F7B1FFB-9E4E-41C3-A3B1-337FB179F4D3}.Release|Any CPU.Build.0 = Release|Any CPU
	EndGlobalSection
	GlobalSection(SolutionProperties) = preSolution
		HideSolutionNode = FALSE
	EndGlobalSection
	GlobalSection(ExtensibilityGlobals) = postSolution
		SolutionGuid = {B9241375-D8EF-4183-A069-0B15F458B799}
	EndGlobalSection
EndGlobal
