
Microsoft Visual Studio Solution File, Format Version 12.00
# Visual Studio 15
VisualStudioVersion = 15.0.28307.902
MinimumVisualStudioVersion = 10.0.40219.1
Project("{FAE04EC0-301F-11D3-BF4B-00C04F79EFBC}") = "PersonsInfo", "PersonsInfo\PersonsInfo.csproj", "{D901ADEF-C3CE-433B-9356-F288C79DC7F9}"
EndProject
Global
	GlobalSection(SolutionConfigurationPlatforms) = preSolution
		Debug|Any CPU = Debug|Any CPU
		Release|Any CPU = Release|Any CPU
	EndGlobalSection
	GlobalSection(ProjectConfigurationPlatforms) = postSolution
		{D901ADEF-C3CE-433B-9356-F288C79DC7F9}.Debug|Any CPU.ActiveCfg = Debug|Any CPU
		{D901ADEF-C3CE-433B-9356-F288C79DC7F9}.Debug|Any CPU.Build.0 = Debug|Any CPU
		{D901ADEF-C3CE-433B-9356-F288C79DC7F9}.Release|Any CPU.ActiveCfg = Release|Any CPU
		{D901ADEF-C3CE-433B-9356-F288C79DC7F9}.Release|Any CPU.Build.0 = Release|Any CPU
	EndGlobalSection
	GlobalSection(SolutionProperties) = preSolution
		HideSolutionNode = FALSE
	EndGlobalSection
	GlobalSection(ExtensibilityGlobals) = postSolution
		SolutionGuid = {C9390CFB-A0B0-4F5A-864C-822B2791ADC1}
	EndGlobalSection
EndGlobal
