
Microsoft Visual Studio Solution File, Format Version 12.00
# Visual Studio 15
VisualStudioVersion = 15.0.28307.572
MinimumVisualStudioVersion = 10.0.40219.1
Project("{FAE04EC0-301F-11D3-BF4B-00C04F79EFBC}") = "P01_CompanyRoster", "P01_CompanyRoster\P01_CompanyRoster.csproj", "{E56A6D9E-5FF6-466C-ACD4-6BAA1EBA8C5F}"
EndProject
Project("{FAE04EC0-301F-11D3-BF4B-00C04F79EFBC}") = "P02_OldestFamilyMember", "P02_OldestFamilyMember\P02_OldestFamilyMember.csproj", "{CBFF7048-49C3-44F5-975C-B46EEA0605F1}"
EndProject
Project("{FAE04EC0-301F-11D3-BF4B-00C04F79EFBC}") = "P03_SpeedRacing", "P03_SpeedRacing\P03_SpeedRacing.csproj", "{CF4D1DD3-AD77-4834-AE7E-B02DE499612B}"
EndProject
Project("{FAE04EC0-301F-11D3-BF4B-00C04F79EFBC}") = "P04_RawData", "P04_RawData\P04_RawData.csproj", "{CF8F3BC0-3469-4848-90E6-C36DCEEB675D}"
EndProject
Project("{FAE04EC0-301F-11D3-BF4B-00C04F79EFBC}") = "P05_ShoppingSpree", "P05_ShoppingSpree\P05_ShoppingSpree.csproj", "{A223AAE8-9E06-4209-A8D7-FD84AEFDC86A}"
EndProject
Global
	GlobalSection(SolutionConfigurationPlatforms) = preSolution
		Debug|Any CPU = Debug|Any CPU
		Release|Any CPU = Release|Any CPU
	EndGlobalSection
	GlobalSection(ProjectConfigurationPlatforms) = postSolution
		{E56A6D9E-5FF6-466C-ACD4-6BAA1EBA8C5F}.Debug|Any CPU.ActiveCfg = Debug|Any CPU
		{E56A6D9E-5FF6-466C-ACD4-6BAA1EBA8C5F}.Debug|Any CPU.Build.0 = Debug|Any CPU
		{E56A6D9E-5FF6-466C-ACD4-6BAA1EBA8C5F}.Release|Any CPU.ActiveCfg = Release|Any CPU
		{E56A6D9E-5FF6-466C-ACD4-6BAA1EBA8C5F}.Release|Any CPU.Build.0 = Release|Any CPU
		{CBFF7048-49C3-44F5-975C-B46EEA0605F1}.Debug|Any CPU.ActiveCfg = Debug|Any CPU
		{CBFF7048-49C3-44F5-975C-B46EEA0605F1}.Debug|Any CPU.Build.0 = Debug|Any CPU
		{CBFF7048-49C3-44F5-975C-B46EEA0605F1}.Release|Any CPU.ActiveCfg = Release|Any CPU
		{CBFF7048-49C3-44F5-975C-B46EEA0605F1}.Release|Any CPU.Build.0 = Release|Any CPU
		{CF4D1DD3-AD77-4834-AE7E-B02DE499612B}.Debug|Any CPU.ActiveCfg = Debug|Any CPU
		{CF4D1DD3-AD77-4834-AE7E-B02DE499612B}.Debug|Any CPU.Build.0 = Debug|Any CPU
		{CF4D1DD3-AD77-4834-AE7E-B02DE499612B}.Release|Any CPU.ActiveCfg = Release|Any CPU
		{CF4D1DD3-AD77-4834-AE7E-B02DE499612B}.Release|Any CPU.Build.0 = Release|Any CPU
		{CF8F3BC0-3469-4848-90E6-C36DCEEB675D}.Debug|Any CPU.ActiveCfg = Debug|Any CPU
		{CF8F3BC0-3469-4848-90E6-C36DCEEB675D}.Debug|Any CPU.Build.0 = Debug|Any CPU
		{CF8F3BC0-3469-4848-90E6-C36DCEEB675D}.Release|Any CPU.ActiveCfg = Release|Any CPU
		{CF8F3BC0-3469-4848-90E6-C36DCEEB675D}.Release|Any CPU.Build.0 = Release|Any CPU
		{A223AAE8-9E06-4209-A8D7-FD84AEFDC86A}.Debug|Any CPU.ActiveCfg = Debug|Any CPU
		{A223AAE8-9E06-4209-A8D7-FD84AEFDC86A}.Debug|Any CPU.Build.0 = Debug|Any CPU
		{A223AAE8-9E06-4209-A8D7-FD84AEFDC86A}.Release|Any CPU.ActiveCfg = Release|Any CPU
		{A223AAE8-9E06-4209-A8D7-FD84AEFDC86A}.Release|Any CPU.Build.0 = Release|Any CPU
	EndGlobalSection
	GlobalSection(SolutionProperties) = preSolution
		HideSolutionNode = FALSE
	EndGlobalSection
	GlobalSection(ExtensibilityGlobals) = postSolution
		SolutionGuid = {A099B669-9503-4E0A-9D51-158654872CE7}
	EndGlobalSection
EndGlobal
