
Microsoft Visual Studio Solution File, Format Version 12.00
# Visual Studio 15
VisualStudioVersion = 15.0.28307.572
MinimumVisualStudioVersion = 10.0.40219.1
Project("{9A19103F-16F7-4668-BE54-9A1E7A4F7556}") = "P01_WinningTicket", "P01_WinningTicket\P01_WinningTicket.csproj", "{1BDDAC3F-9F27-48FB-8694-C0E8DFB3A5E5}"
EndProject
Project("{9A19103F-16F7-4668-BE54-9A1E7A4F7556}") = "P02_RageQuit", "P02_RageQuit\P02_RageQuit.csproj", "{874927B5-063E-49D2-8D23-7D7D7F2CA44A}"
EndProject
Project("{9A19103F-16F7-4668-BE54-9A1E7A4F7556}") = "P03_PostOffice", "P03_PostOffice\P03_PostOffice.csproj", "{7533BEAE-C5F0-46BF-8279-759678B4E842}"
EndProject
Project("{9A19103F-16F7-4668-BE54-9A1E7A4F7556}") = "P04_SantasSecretHelper", "P04_SantasSecretHelper\P04_SantasSecretHelper.csproj", "{9D337E12-A82C-4EF6-B86E-638D727660DB}"
EndProject
Global
	GlobalSection(SolutionConfigurationPlatforms) = preSolution
		Debug|Any CPU = Debug|Any CPU
		Release|Any CPU = Release|Any CPU
	EndGlobalSection
	GlobalSection(ProjectConfigurationPlatforms) = postSolution
		{1BDDAC3F-9F27-48FB-8694-C0E8DFB3A5E5}.Debug|Any CPU.ActiveCfg = Debug|Any CPU
		{1BDDAC3F-9F27-48FB-8694-C0E8DFB3A5E5}.Debug|Any CPU.Build.0 = Debug|Any CPU
		{1BDDAC3F-9F27-48FB-8694-C0E8DFB3A5E5}.Release|Any CPU.ActiveCfg = Release|Any CPU
		{1BDDAC3F-9F27-48FB-8694-C0E8DFB3A5E5}.Release|Any CPU.Build.0 = Release|Any CPU
		{874927B5-063E-49D2-8D23-7D7D7F2CA44A}.Debug|Any CPU.ActiveCfg = Debug|Any CPU
		{874927B5-063E-49D2-8D23-7D7D7F2CA44A}.Debug|Any CPU.Build.0 = Debug|Any CPU
		{874927B5-063E-49D2-8D23-7D7D7F2CA44A}.Release|Any CPU.ActiveCfg = Release|Any CPU
		{874927B5-063E-49D2-8D23-7D7D7F2CA44A}.Release|Any CPU.Build.0 = Release|Any CPU
		{7533BEAE-C5F0-46BF-8279-759678B4E842}.Debug|Any CPU.ActiveCfg = Debug|Any CPU
		{7533BEAE-C5F0-46BF-8279-759678B4E842}.Debug|Any CPU.Build.0 = Debug|Any CPU
		{7533BEAE-C5F0-46BF-8279-759678B4E842}.Release|Any CPU.ActiveCfg = Release|Any CPU
		{7533BEAE-C5F0-46BF-8279-759678B4E842}.Release|Any CPU.Build.0 = Release|Any CPU
		{9D337E12-A82C-4EF6-B86E-638D727660DB}.Debug|Any CPU.ActiveCfg = Debug|Any CPU
		{9D337E12-A82C-4EF6-B86E-638D727660DB}.Debug|Any CPU.Build.0 = Debug|Any CPU
		{9D337E12-A82C-4EF6-B86E-638D727660DB}.Release|Any CPU.ActiveCfg = Release|Any CPU
		{9D337E12-A82C-4EF6-B86E-638D727660DB}.Release|Any CPU.Build.0 = Release|Any CPU
	EndGlobalSection
	GlobalSection(SolutionProperties) = preSolution
		HideSolutionNode = FALSE
	EndGlobalSection
	GlobalSection(ExtensibilityGlobals) = postSolution
		SolutionGuid = {DAE02BE2-B45C-4979-A04B-D6E79F7FD2A4}
	EndGlobalSection
EndGlobal
