
Microsoft Visual Studio Solution File, Format Version 12.00
# Visual Studio 15
VisualStudioVersion = 15.0.28307.902
MinimumVisualStudioVersion = 10.0.40219.1
Project("{FAE04EC0-301F-11D3-BF4B-00C04F79EFBC}") = "P01_ArraySum", "P01_ArraySum\P01_ArraySum.csproj", "{71FAA0CA-91CE-41B2-A91C-C999CD49857F}"
EndProject
Project("{FAE04EC0-301F-11D3-BF4B-00C04F79EFBC}") = "P02_RecursiveFactorial", "P02_RecursiveFactorial\P02_RecursiveFactorial.csproj", "{6A25BEBC-2360-4AAE-8310-354A9D61BDFF}"
EndProject
Project("{FAE04EC0-301F-11D3-BF4B-00C04F79EFBC}") = "P03_SumOfCoins", "P03_SumOfCoins\P03_SumOfCoins.csproj", "{B7880AE6-4279-4576-87F1-1E8078D653B3}"
EndProject
Project("{FAE04EC0-301F-11D3-BF4B-00C04F79EFBC}") = "P04_SelectionSort", "P04_SelectionSort\P04_SelectionSort.csproj", "{3D16E435-C416-4B50-A79F-50F02BF0DBF2}"
EndProject
Project("{FAE04EC0-301F-11D3-BF4B-00C04F79EFBC}") = "P05_BubbleSort", "P05_BubbleSort\P05_BubbleSort.csproj", "{D351F75E-2BD7-4BFD-A86D-394B72F6571D}"
EndProject
Project("{FAE04EC0-301F-11D3-BF4B-00C04F79EFBC}") = "P06_BinarySearch", "P06_BinarySearch\P06_BinarySearch.csproj", "{D22D73C2-5DA0-4E4D-A003-7510B10D350D}"
EndProject
Global
	GlobalSection(SolutionConfigurationPlatforms) = preSolution
		Debug|Any CPU = Debug|Any CPU
		Release|Any CPU = Release|Any CPU
	EndGlobalSection
	GlobalSection(ProjectConfigurationPlatforms) = postSolution
		{71FAA0CA-91CE-41B2-A91C-C999CD49857F}.Debug|Any CPU.ActiveCfg = Debug|Any CPU
		{71FAA0CA-91CE-41B2-A91C-C999CD49857F}.Debug|Any CPU.Build.0 = Debug|Any CPU
		{71FAA0CA-91CE-41B2-A91C-C999CD49857F}.Release|Any CPU.ActiveCfg = Release|Any CPU
		{71FAA0CA-91CE-41B2-A91C-C999CD49857F}.Release|Any CPU.Build.0 = Release|Any CPU
		{6A25BEBC-2360-4AAE-8310-354A9D61BDFF}.Debug|Any CPU.ActiveCfg = Debug|Any CPU
		{6A25BEBC-2360-4AAE-8310-354A9D61BDFF}.Debug|Any CPU.Build.0 = Debug|Any CPU
		{6A25BEBC-2360-4AAE-8310-354A9D61BDFF}.Release|Any CPU.ActiveCfg = Release|Any CPU
		{6A25BEBC-2360-4AAE-8310-354A9D61BDFF}.Release|Any CPU.Build.0 = Release|Any CPU
		{B7880AE6-4279-4576-87F1-1E8078D653B3}.Debug|Any CPU.ActiveCfg = Debug|Any CPU
		{B7880AE6-4279-4576-87F1-1E8078D653B3}.Debug|Any CPU.Build.0 = Debug|Any CPU
		{B7880AE6-4279-4576-87F1-1E8078D653B3}.Release|Any CPU.ActiveCfg = Release|Any CPU
		{B7880AE6-4279-4576-87F1-1E8078D653B3}.Release|Any CPU.Build.0 = Release|Any CPU
		{3D16E435-C416-4B50-A79F-50F02BF0DBF2}.Debug|Any CPU.ActiveCfg = Debug|Any CPU
		{3D16E435-C416-4B50-A79F-50F02BF0DBF2}.Debug|Any CPU.Build.0 = Debug|Any CPU
		{3D16E435-C416-4B50-A79F-50F02BF0DBF2}.Release|Any CPU.ActiveCfg = Release|Any CPU
		{3D16E435-C416-4B50-A79F-50F02BF0DBF2}.Release|Any CPU.Build.0 = Release|Any CPU
		{D351F75E-2BD7-4BFD-A86D-394B72F6571D}.Debug|Any CPU.ActiveCfg = Debug|Any CPU
		{D351F75E-2BD7-4BFD-A86D-394B72F6571D}.Debug|Any CPU.Build.0 = Debug|Any CPU
		{D351F75E-2BD7-4BFD-A86D-394B72F6571D}.Release|Any CPU.ActiveCfg = Release|Any CPU
		{D351F75E-2BD7-4BFD-A86D-394B72F6571D}.Release|Any CPU.Build.0 = Release|Any CPU
		{D22D73C2-5DA0-4E4D-A003-7510B10D350D}.Debug|Any CPU.ActiveCfg = Debug|Any CPU
		{D22D73C2-5DA0-4E4D-A003-7510B10D350D}.Debug|Any CPU.Build.0 = Debug|Any CPU
		{D22D73C2-5DA0-4E4D-A003-7510B10D350D}.Release|Any CPU.ActiveCfg = Release|Any CPU
		{D22D73C2-5DA0-4E4D-A003-7510B10D350D}.Release|Any CPU.Build.0 = Release|Any CPU
	EndGlobalSection
	GlobalSection(SolutionProperties) = preSolution
		HideSolutionNode = FALSE
	EndGlobalSection
	GlobalSection(ExtensibilityGlobals) = postSolution
		SolutionGuid = {C9A78DA3-4F0C-49C7-BAD9-AD401B2F5B73}
	EndGlobalSection
EndGlobal
