
Microsoft Visual Studio Solution File, Format Version 12.00
# Visual Studio 15
VisualStudioVersion = 15.0.28307.902
MinimumVisualStudioVersion = 10.0.40219.1
Project("{FAE04EC0-301F-11D3-BF4B-00C04F79EFBC}") = "PlayersAndMonsters", "PlayersAndMonsters\PlayersAndMonsters.csproj", "{69AEB3A9-8874-4524-9040-62B53334C2AB}"
EndProject
Global
	GlobalSection(SolutionConfigurationPlatforms) = preSolution
		Debug|Any CPU = Debug|Any CPU
		Release|Any CPU = Release|Any CPU
	EndGlobalSection
	GlobalSection(ProjectConfigurationPlatforms) = postSolution
		{69AEB3A9-8874-4524-9040-62B53334C2AB}.Debug|Any CPU.ActiveCfg = Debug|Any CPU
		{69AEB3A9-8874-4524-9040-62B53334C2AB}.Debug|Any CPU.Build.0 = Debug|Any CPU
		{69AEB3A9-8874-4524-9040-62B53334C2AB}.Release|Any CPU.ActiveCfg = Release|Any CPU
		{69AEB3A9-8874-4524-9040-62B53334C2AB}.Release|Any CPU.Build.0 = Release|Any CPU
	EndGlobalSection
	GlobalSection(SolutionProperties) = preSolution
		HideSolutionNode = FALSE
	EndGlobalSection
	GlobalSection(ExtensibilityGlobals) = postSolution
		SolutionGuid = {A7723409-6B11-4B78-BB02-6097CC372379}
	EndGlobalSection
EndGlobal
