
Microsoft Visual Studio Solution File, Format Version 12.00
# Visual Studio 15
VisualStudioVersion = 15.0.28307.572
MinimumVisualStudioVersion = 10.0.40219.1
Project("{FAE04EC0-301F-11D3-BF4B-00C04F79EFBC}") = "P01_NumbersEndingIn7", "P01_NumbersEndingIn7\P01_NumbersEndingIn7.csproj", "{E5D22F09-1940-42C7-BE44-600EF359858F}"
EndProject
Project("{FAE04EC0-301F-11D3-BF4B-00C04F79EFBC}") = "P02_HalfSumElement", "P02_HalfSumElement\P02_HalfSumElement.csproj", "{05AF46F1-3672-4D54-AF96-D648CD3DCF9A}"
EndProject
Project("{FAE04EC0-301F-11D3-BF4B-00C04F79EFBC}") = "P03_OddEvenPosition", "P03_OddEvenPosition\P03_OddEvenPosition.csproj", "{AC486FEE-5B2B-4DDD-AC3A-1D3B49259500}"
EndProject
Project("{FAE04EC0-301F-11D3-BF4B-00C04F79EFBC}") = "P04_EqualPairs", "P04_EqualPairs\P04_EqualPairs.csproj", "{27D404A8-2FAF-41E0-B33B-E7DB10277DF9}"
EndProject
Project("{FAE04EC0-301F-11D3-BF4B-00C04F79EFBC}") = "P05_Histogram", "P05_Histogram\P05_Histogram.csproj", "{1B1FEF01-3F88-481F-81A2-06C4EAD06813}"
EndProject
Project("{FAE04EC0-301F-11D3-BF4B-00C04F79EFBC}") = "P06_DivideWithoutRemainder", "P06_DivideWithoutRemainder\P06_DivideWithoutRemainder.csproj", "{200FB143-5C4E-481F-A27F-C37AB1908AA2}"
EndProject
Project("{FAE04EC0-301F-11D3-BF4B-00C04F79EFBC}") = "P07_Salary", "P07_Salary\P07_Salary.csproj", "{9330798B-92B4-4A9F-9B51-7FE622090677}"
EndProject
Global
	GlobalSection(SolutionConfigurationPlatforms) = preSolution
		Debug|Any CPU = Debug|Any CPU
		Release|Any CPU = Release|Any CPU
	EndGlobalSection
	GlobalSection(ProjectConfigurationPlatforms) = postSolution
		{E5D22F09-1940-42C7-BE44-600EF359858F}.Debug|Any CPU.ActiveCfg = Debug|Any CPU
		{E5D22F09-1940-42C7-BE44-600EF359858F}.Debug|Any CPU.Build.0 = Debug|Any CPU
		{E5D22F09-1940-42C7-BE44-600EF359858F}.Release|Any CPU.ActiveCfg = Release|Any CPU
		{E5D22F09-1940-42C7-BE44-600EF359858F}.Release|Any CPU.Build.0 = Release|Any CPU
		{05AF46F1-3672-4D54-AF96-D648CD3DCF9A}.Debug|Any CPU.ActiveCfg = Debug|Any CPU
		{05AF46F1-3672-4D54-AF96-D648CD3DCF9A}.Debug|Any CPU.Build.0 = Debug|Any CPU
		{05AF46F1-3672-4D54-AF96-D648CD3DCF9A}.Release|Any CPU.ActiveCfg = Release|Any CPU
		{05AF46F1-3672-4D54-AF96-D648CD3DCF9A}.Release|Any CPU.Build.0 = Release|Any CPU
		{AC486FEE-5B2B-4DDD-AC3A-1D3B49259500}.Debug|Any CPU.ActiveCfg = Debug|Any CPU
		{AC486FEE-5B2B-4DDD-AC3A-1D3B49259500}.Debug|Any CPU.Build.0 = Debug|Any CPU
		{AC486FEE-5B2B-4DDD-AC3A-1D3B49259500}.Release|Any CPU.ActiveCfg = Release|Any CPU
		{AC486FEE-5B2B-4DDD-AC3A-1D3B49259500}.Release|Any CPU.Build.0 = Release|Any CPU
		{27D404A8-2FAF-41E0-B33B-E7DB10277DF9}.Debug|Any CPU.ActiveCfg = Debug|Any CPU
		{27D404A8-2FAF-41E0-B33B-E7DB10277DF9}.Debug|Any CPU.Build.0 = Debug|Any CPU
		{27D404A8-2FAF-41E0-B33B-E7DB10277DF9}.Release|Any CPU.ActiveCfg = Release|Any CPU
		{27D404A8-2FAF-41E0-B33B-E7DB10277DF9}.Release|Any CPU.Build.0 = Release|Any CPU
		{1B1FEF01-3F88-481F-81A2-06C4EAD06813}.Debug|Any CPU.ActiveCfg = Debug|Any CPU
		{1B1FEF01-3F88-481F-81A2-06C4EAD06813}.Debug|Any CPU.Build.0 = Debug|Any CPU
		{1B1FEF01-3F88-481F-81A2-06C4EAD06813}.Release|Any CPU.ActiveCfg = Release|Any CPU
		{1B1FEF01-3F88-481F-81A2-06C4EAD06813}.Release|Any CPU.Build.0 = Release|Any CPU
		{200FB143-5C4E-481F-A27F-C37AB1908AA2}.Debug|Any CPU.ActiveCfg = Debug|Any CPU
		{200FB143-5C4E-481F-A27F-C37AB1908AA2}.Debug|Any CPU.Build.0 = Debug|Any CPU
		{200FB143-5C4E-481F-A27F-C37AB1908AA2}.Release|Any CPU.ActiveCfg = Release|Any CPU
		{200FB143-5C4E-481F-A27F-C37AB1908AA2}.Release|Any CPU.Build.0 = Release|Any CPU
		{9330798B-92B4-4A9F-9B51-7FE622090677}.Debug|Any CPU.ActiveCfg = Debug|Any CPU
		{9330798B-92B4-4A9F-9B51-7FE622090677}.Debug|Any CPU.Build.0 = Debug|Any CPU
		{9330798B-92B4-4A9F-9B51-7FE622090677}.Release|Any CPU.ActiveCfg = Release|Any CPU
		{9330798B-92B4-4A9F-9B51-7FE622090677}.Release|Any CPU.Build.0 = Release|Any CPU
	EndGlobalSection
	GlobalSection(SolutionProperties) = preSolution
		HideSolutionNode = FALSE
	EndGlobalSection
	GlobalSection(ExtensibilityGlobals) = postSolution
		SolutionGuid = {F8EDB631-62B0-480D-B394-EBB5C8A6555E}
	EndGlobalSection
EndGlobal
