
Microsoft Visual Studio Solution File, Format Version 12.00
# Visual Studio 15
VisualStudioVersion = 15.0.28307.902
MinimumVisualStudioVersion = 10.0.40219.1
Project("{9A19103F-16F7-4668-BE54-9A1E7A4F7556}") = "P01_Person", "P01_Person\P01_Person.csproj", "{8C081CE9-6408-4340-9F80-C3E342760763}"
EndProject
Global
	GlobalSection(SolutionConfigurationPlatforms) = preSolution
		Debug|Any CPU = Debug|Any CPU
		Release|Any CPU = Release|Any CPU
	EndGlobalSection
	GlobalSection(ProjectConfigurationPlatforms) = postSolution
		{8C081CE9-6408-4340-9F80-C3E342760763}.Debug|Any CPU.ActiveCfg = Debug|Any CPU
		{8C081CE9-6408-4340-9F80-C3E342760763}.Debug|Any CPU.Build.0 = Debug|Any CPU
		{8C081CE9-6408-4340-9F80-C3E342760763}.Release|Any CPU.ActiveCfg = Release|Any CPU
		{8C081CE9-6408-4340-9F80-C3E342760763}.Release|Any CPU.Build.0 = Release|Any CPU
	EndGlobalSection
	GlobalSection(SolutionProperties) = preSolution
		HideSolutionNode = FALSE
	EndGlobalSection
	GlobalSection(ExtensibilityGlobals) = postSolution
		SolutionGuid = {78470126-88C0-4114-A7E7-DA05DB01CCB0}
	EndGlobalSection
EndGlobal
