
Microsoft Visual Studio Solution File, Format Version 12.00
# Visual Studio 15
VisualStudioVersion = 15.0.28307.572
MinimumVisualStudioVersion = 10.0.40219.1
Project("{FAE04EC0-301F-11D3-BF4B-00C04F79EFBC}") = "P01_GreetingByName", "P01_GreetingByName\P01_GreetingByName.csproj", "{A0950F05-052C-469A-82DA-CC930BB17C2E}"
EndProject
Project("{FAE04EC0-301F-11D3-BF4B-00C04F79EFBC}") = "P02_ConcatenateData", "P02_ConcatenateData\P02_ConcatenateData.csproj", "{0973C1B4-11D6-42FE-A3FA-0DE59ADBAF2B}"
EndProject
Project("{FAE04EC0-301F-11D3-BF4B-00C04F79EFBC}") = "P03_SquareArea", "P03_SquareArea\P03_SquareArea.csproj", "{D9C26E5D-104B-4A1D-8D1B-98226792409F}"
EndProject
Project("{FAE04EC0-301F-11D3-BF4B-00C04F79EFBC}") = "P04_InchesToCentimeters", "P04_InchesToCentimeters\P04_InchesToCentimeters.csproj", "{4A5C28D9-9CEB-4AC2-9E1B-83BAA29F113E}"
EndProject
Project("{FAE04EC0-301F-11D3-BF4B-00C04F79EFBC}") = "P05_ProjectsCreation", "P05_ProjectsCreation\P05_ProjectsCreation.csproj", "{3EEA9F96-D3B8-4E05-BFEA-D8D539C153DA}"
EndProject
Project("{FAE04EC0-301F-11D3-BF4B-00C04F79EFBC}") = "P06_CircleAreaAndPerimeter", "P06_CircleAreaAndPerimeter\P06_CircleAreaAndPerimeter.csproj", "{C19B8BD3-ED32-4275-9F35-4978D6A1A3F3}"
EndProject
Project("{FAE04EC0-301F-11D3-BF4B-00C04F79EFBC}") = "P07_PetShop", "P07_PetShop\P07_PetShop.csproj", "{7DF2C534-27E0-48DB-8852-F905B9700D9B}"
EndProject
Project("{FAE04EC0-301F-11D3-BF4B-00C04F79EFBC}") = "P08_YardGreening", "P08_YardGreening\P08_YardGreening.csproj", "{37B073BE-0454-432F-8E49-37EB985168E2}"
EndProject
Project("{FAE04EC0-301F-11D3-BF4B-00C04F79EFBC}") = "P09_Birthday", "P09_Birthday\P09_Birthday.csproj", "{FE9BDF06-1167-47E4-9E50-5F53BC589530}"
EndProject
Global
	GlobalSection(SolutionConfigurationPlatforms) = preSolution
		Debug|Any CPU = Debug|Any CPU
		Release|Any CPU = Release|Any CPU
	EndGlobalSection
	GlobalSection(ProjectConfigurationPlatforms) = postSolution
		{A0950F05-052C-469A-82DA-CC930BB17C2E}.Debug|Any CPU.ActiveCfg = Debug|Any CPU
		{A0950F05-052C-469A-82DA-CC930BB17C2E}.Debug|Any CPU.Build.0 = Debug|Any CPU
		{A0950F05-052C-469A-82DA-CC930BB17C2E}.Release|Any CPU.ActiveCfg = Release|Any CPU
		{A0950F05-052C-469A-82DA-CC930BB17C2E}.Release|Any CPU.Build.0 = Release|Any CPU
		{0973C1B4-11D6-42FE-A3FA-0DE59ADBAF2B}.Debug|Any CPU.ActiveCfg = Debug|Any CPU
		{0973C1B4-11D6-42FE-A3FA-0DE59ADBAF2B}.Debug|Any CPU.Build.0 = Debug|Any CPU
		{0973C1B4-11D6-42FE-A3FA-0DE59ADBAF2B}.Release|Any CPU.ActiveCfg = Release|Any CPU
		{0973C1B4-11D6-42FE-A3FA-0DE59ADBAF2B}.Release|Any CPU.Build.0 = Release|Any CPU
		{D9C26E5D-104B-4A1D-8D1B-98226792409F}.Debug|Any CPU.ActiveCfg = Debug|Any CPU
		{D9C26E5D-104B-4A1D-8D1B-98226792409F}.Debug|Any CPU.Build.0 = Debug|Any CPU
		{D9C26E5D-104B-4A1D-8D1B-98226792409F}.Release|Any CPU.ActiveCfg = Release|Any CPU
		{D9C26E5D-104B-4A1D-8D1B-98226792409F}.Release|Any CPU.Build.0 = Release|Any CPU
		{4A5C28D9-9CEB-4AC2-9E1B-83BAA29F113E}.Debug|Any CPU.ActiveCfg = Debug|Any CPU
		{4A5C28D9-9CEB-4AC2-9E1B-83BAA29F113E}.Debug|Any CPU.Build.0 = Debug|Any CPU
		{4A5C28D9-9CEB-4AC2-9E1B-83BAA29F113E}.Release|Any CPU.ActiveCfg = Release|Any CPU
		{4A5C28D9-9CEB-4AC2-9E1B-83BAA29F113E}.Release|Any CPU.Build.0 = Release|Any CPU
		{3EEA9F96-D3B8-4E05-BFEA-D8D539C153DA}.Debug|Any CPU.ActiveCfg = Debug|Any CPU
		{3EEA9F96-D3B8-4E05-BFEA-D8D539C153DA}.Debug|Any CPU.Build.0 = Debug|Any CPU
		{3EEA9F96-D3B8-4E05-BFEA-D8D539C153DA}.Release|Any CPU.ActiveCfg = Release|Any CPU
		{3EEA9F96-D3B8-4E05-BFEA-D8D539C153DA}.Release|Any CPU.Build.0 = Release|Any CPU
		{C19B8BD3-ED32-4275-9F35-4978D6A1A3F3}.Debug|Any CPU.ActiveCfg = Debug|Any CPU
		{C19B8BD3-ED32-4275-9F35-4978D6A1A3F3}.Debug|Any CPU.Build.0 = Debug|Any CPU
		{C19B8BD3-ED32-4275-9F35-4978D6A1A3F3}.Release|Any CPU.ActiveCfg = Release|Any CPU
		{C19B8BD3-ED32-4275-9F35-4978D6A1A3F3}.Release|Any CPU.Build.0 = Release|Any CPU
		{7DF2C534-27E0-48DB-8852-F905B9700D9B}.Debug|Any CPU.ActiveCfg = Debug|Any CPU
		{7DF2C534-27E0-48DB-8852-F905B9700D9B}.Debug|Any CPU.Build.0 = Debug|Any CPU
		{7DF2C534-27E0-48DB-8852-F905B9700D9B}.Release|Any CPU.ActiveCfg = Release|Any CPU
		{7DF2C534-27E0-48DB-8852-F905B9700D9B}.Release|Any CPU.Build.0 = Release|Any CPU
		{37B073BE-0454-432F-8E49-37EB985168E2}.Debug|Any CPU.ActiveCfg = Debug|Any CPU
		{37B073BE-0454-432F-8E49-37EB985168E2}.Debug|Any CPU.Build.0 = Debug|Any CPU
		{37B073BE-0454-432F-8E49-37EB985168E2}.Release|Any CPU.ActiveCfg = Release|Any CPU
		{37B073BE-0454-432F-8E49-37EB985168E2}.Release|Any CPU.Build.0 = Release|Any CPU
		{FE9BDF06-1167-47E4-9E50-5F53BC589530}.Debug|Any CPU.ActiveCfg = Debug|Any CPU
		{FE9BDF06-1167-47E4-9E50-5F53BC589530}.Debug|Any CPU.Build.0 = Debug|Any CPU
		{FE9BDF06-1167-47E4-9E50-5F53BC589530}.Release|Any CPU.ActiveCfg = Release|Any CPU
		{FE9BDF06-1167-47E4-9E50-5F53BC589530}.Release|Any CPU.Build.0 = Release|Any CPU
	EndGlobalSection
	GlobalSection(SolutionProperties) = preSolution
		HideSolutionNode = FALSE
	EndGlobalSection
	GlobalSection(ExtensibilityGlobals) = postSolution
		SolutionGuid = {7F81B809-75BA-42D7-91D7-DC1FB82405FE}
	EndGlobalSection
EndGlobal
