
Microsoft Visual Studio Solution File, Format Version 12.00
# Visual Studio 15
VisualStudioVersion = 15.0.28307.572
MinimumVisualStudioVersion = 10.0.40219.1
Project("{FAE04EC0-301F-11D3-BF4B-00C04F79EFBC}") = "P01_SignOfIntegerNumbers", "P01_SignOfIntegerNumbers\P01_SignOfIntegerNumbers.csproj", "{EBE23B9F-384C-45CC-BB02-718FC61E83DC}"
EndProject
Project("{FAE04EC0-301F-11D3-BF4B-00C04F79EFBC}") = "P02_Grades", "P02_Grades\P02_Grades.csproj", "{A85A1F9C-3B41-4DFD-9662-720C8E625CEE}"
EndProject
Project("{FAE04EC0-301F-11D3-BF4B-00C04F79EFBC}") = "P03_Calculations", "P03_Calculations\P03_Calculations.csproj", "{16EFF797-1AA7-4998-B29D-1BA60F8C904A}"
EndProject
Project("{FAE04EC0-301F-11D3-BF4B-00C04F79EFBC}") = "P04_PrintingTriangle", "P04_PrintingTriangle\P04_PrintingTriangle.csproj", "{D4AF16B6-8F65-4B38-82B1-31226DC59F56}"
EndProject
Project("{FAE04EC0-301F-11D3-BF4B-00C04F79EFBC}") = "P05_Orders", "P05_Orders\P05_Orders.csproj", "{E41C092C-5460-4A9D-92EC-F1BAEBA2EE46}"
EndProject
Project("{FAE04EC0-301F-11D3-BF4B-00C04F79EFBC}") = "P06_CalculateRectangleArea", "P06_CalculateRectangleArea\P06_CalculateRectangleArea.csproj", "{0EA8306E-C93C-47F6-9A33-ABDA432EA138}"
EndProject
Project("{FAE04EC0-301F-11D3-BF4B-00C04F79EFBC}") = "P07_RepeatString", "P07_RepeatString\P07_RepeatString.csproj", "{14887832-D0FF-4E22-88AB-79FA4EDBD1D4}"
EndProject
Project("{FAE04EC0-301F-11D3-BF4B-00C04F79EFBC}") = "P08_MathPower", "P08_MathPower\P08_MathPower.csproj", "{F0E08DD5-3363-458D-819A-6B587D1B61B6}"
EndProject
Project("{FAE04EC0-301F-11D3-BF4B-00C04F79EFBC}") = "P09_GreaterOfTwoValues", "P09_GreaterOfTwoValues\P09_GreaterOfTwoValues.csproj", "{29A4588B-725E-4C36-989C-D95FF730E5BA}"
EndProject
Project("{FAE04EC0-301F-11D3-BF4B-00C04F79EFBC}") = "P10_MultiplyEvensByOdds", "P10_MultiplyEvensByOdds\P10_MultiplyEvensByOdds.csproj", "{0DD140B2-FE9F-43A9-B13A-89D68AF67869}"
EndProject
Project("{FAE04EC0-301F-11D3-BF4B-00C04F79EFBC}") = "P11_MathOperations", "P11_MathOperations\P11_MathOperations.csproj", "{F8020314-98FD-4A8B-81E9-35024646476F}"
EndProject
Global
	GlobalSection(SolutionConfigurationPlatforms) = preSolution
		Debug|Any CPU = Debug|Any CPU
		Release|Any CPU = Release|Any CPU
	EndGlobalSection
	GlobalSection(ProjectConfigurationPlatforms) = postSolution
		{EBE23B9F-384C-45CC-BB02-718FC61E83DC}.Debug|Any CPU.ActiveCfg = Debug|Any CPU
		{EBE23B9F-384C-45CC-BB02-718FC61E83DC}.Debug|Any CPU.Build.0 = Debug|Any CPU
		{EBE23B9F-384C-45CC-BB02-718FC61E83DC}.Release|Any CPU.ActiveCfg = Release|Any CPU
		{EBE23B9F-384C-45CC-BB02-718FC61E83DC}.Release|Any CPU.Build.0 = Release|Any CPU
		{A85A1F9C-3B41-4DFD-9662-720C8E625CEE}.Debug|Any CPU.ActiveCfg = Debug|Any CPU
		{A85A1F9C-3B41-4DFD-9662-720C8E625CEE}.Debug|Any CPU.Build.0 = Debug|Any CPU
		{A85A1F9C-3B41-4DFD-9662-720C8E625CEE}.Release|Any CPU.ActiveCfg = Release|Any CPU
		{A85A1F9C-3B41-4DFD-9662-720C8E625CEE}.Release|Any CPU.Build.0 = Release|Any CPU
		{16EFF797-1AA7-4998-B29D-1BA60F8C904A}.Debug|Any CPU.ActiveCfg = Debug|Any CPU
		{16EFF797-1AA7-4998-B29D-1BA60F8C904A}.Debug|Any CPU.Build.0 = Debug|Any CPU
		{16EFF797-1AA7-4998-B29D-1BA60F8C904A}.Release|Any CPU.ActiveCfg = Release|Any CPU
		{16EFF797-1AA7-4998-B29D-1BA60F8C904A}.Release|Any CPU.Build.0 = Release|Any CPU
		{D4AF16B6-8F65-4B38-82B1-31226DC59F56}.Debug|Any CPU.ActiveCfg = Debug|Any CPU
		{D4AF16B6-8F65-4B38-82B1-31226DC59F56}.Debug|Any CPU.Build.0 = Debug|Any CPU
		{D4AF16B6-8F65-4B38-82B1-31226DC59F56}.Release|Any CPU.ActiveCfg = Release|Any CPU
		{D4AF16B6-8F65-4B38-82B1-31226DC59F56}.Release|Any CPU.Build.0 = Release|Any CPU
		{E41C092C-5460-4A9D-92EC-F1BAEBA2EE46}.Debug|Any CPU.ActiveCfg = Debug|Any CPU
		{E41C092C-5460-4A9D-92EC-F1BAEBA2EE46}.Debug|Any CPU.Build.0 = Debug|Any CPU
		{E41C092C-5460-4A9D-92EC-F1BAEBA2EE46}.Release|Any CPU.ActiveCfg = Release|Any CPU
		{E41C092C-5460-4A9D-92EC-F1BAEBA2EE46}.Release|Any CPU.Build.0 = Release|Any CPU
		{0EA8306E-C93C-47F6-9A33-ABDA432EA138}.Debug|Any CPU.ActiveCfg = Debug|Any CPU
		{0EA8306E-C93C-47F6-9A33-ABDA432EA138}.Debug|Any CPU.Build.0 = Debug|Any CPU
		{0EA8306E-C93C-47F6-9A33-ABDA432EA138}.Release|Any CPU.ActiveCfg = Release|Any CPU
		{0EA8306E-C93C-47F6-9A33-ABDA432EA138}.Release|Any CPU.Build.0 = Release|Any CPU
		{14887832-D0FF-4E22-88AB-79FA4EDBD1D4}.Debug|Any CPU.ActiveCfg = Debug|Any CPU
		{14887832-D0FF-4E22-88AB-79FA4EDBD1D4}.Debug|Any CPU.Build.0 = Debug|Any CPU
		{14887832-D0FF-4E22-88AB-79FA4EDBD1D4}.Release|Any CPU.ActiveCfg = Release|Any CPU
		{14887832-D0FF-4E22-88AB-79FA4EDBD1D4}.Release|Any CPU.Build.0 = Release|Any CPU
		{F0E08DD5-3363-458D-819A-6B587D1B61B6}.Debug|Any CPU.ActiveCfg = Debug|Any CPU
		{F0E08DD5-3363-458D-819A-6B587D1B61B6}.Debug|Any CPU.Build.0 = Debug|Any CPU
		{F0E08DD5-3363-458D-819A-6B587D1B61B6}.Release|Any CPU.ActiveCfg = Release|Any CPU
		{F0E08DD5-3363-458D-819A-6B587D1B61B6}.Release|Any CPU.Build.0 = Release|Any CPU
		{29A4588B-725E-4C36-989C-D95FF730E5BA}.Debug|Any CPU.ActiveCfg = Debug|Any CPU
		{29A4588B-725E-4C36-989C-D95FF730E5BA}.Debug|Any CPU.Build.0 = Debug|Any CPU
		{29A4588B-725E-4C36-989C-D95FF730E5BA}.Release|Any CPU.ActiveCfg = Release|Any CPU
		{29A4588B-725E-4C36-989C-D95FF730E5BA}.Release|Any CPU.Build.0 = Release|Any CPU
		{0DD140B2-FE9F-43A9-B13A-89D68AF67869}.Debug|Any CPU.ActiveCfg = Debug|Any CPU
		{0DD140B2-FE9F-43A9-B13A-89D68AF67869}.Debug|Any CPU.Build.0 = Debug|Any CPU
		{0DD140B2-FE9F-43A9-B13A-89D68AF67869}.Release|Any CPU.ActiveCfg = Release|Any CPU
		{0DD140B2-FE9F-43A9-B13A-89D68AF67869}.Release|Any CPU.Build.0 = Release|Any CPU
		{F8020314-98FD-4A8B-81E9-35024646476F}.Debug|Any CPU.ActiveCfg = Debug|Any CPU
		{F8020314-98FD-4A8B-81E9-35024646476F}.Debug|Any CPU.Build.0 = Debug|Any CPU
		{F8020314-98FD-4A8B-81E9-35024646476F}.Release|Any CPU.ActiveCfg = Release|Any CPU
		{F8020314-98FD-4A8B-81E9-35024646476F}.Release|Any CPU.Build.0 = Release|Any CPU
	EndGlobalSection
	GlobalSection(SolutionProperties) = preSolution
		HideSolutionNode = FALSE
	EndGlobalSection
	GlobalSection(ExtensibilityGlobals) = postSolution
		SolutionGuid = {D8482735-4943-468C-A7A8-6E3F4D31B3B3}
	EndGlobalSection
EndGlobal
