
Microsoft Visual Studio Solution File, Format Version 12.00
# Visual Studio 15
VisualStudioVersion = 15.0.28307.572
MinimumVisualStudioVersion = 10.0.40219.1
Project("{FAE04EC0-301F-11D3-BF4B-00C04F79EFBC}") = "P01_ExtractPersonInformation", "P01_ExtractPersonInformation\P01_ExtractPersonInformation.csproj", "{2203C9D3-D1B6-46A4-82D5-62D5D655838A}"
EndProject
Project("{FAE04EC0-301F-11D3-BF4B-00C04F79EFBC}") = "P02_AsciiSumator", "P02_AsciiSumator\P02_AsciiSumator.csproj", "{7FDC586D-C090-4695-AF32-6BCA73CA7FF3}"
EndProject
Project("{FAE04EC0-301F-11D3-BF4B-00C04F79EFBC}") = "P03_TreasureFinder", "P03_TreasureFinder\P03_TreasureFinder.csproj", "{24FC0EE3-C054-48A4-B300-D9B67415DE72}"
EndProject
Project("{FAE04EC0-301F-11D3-BF4B-00C04F79EFBC}") = "P04_MorseCodeTranslator", "P04_MorseCodeTranslator\P04_MorseCodeTranslator.csproj", "{BDBEF7CB-8E08-4F3E-B71C-76D4C969BADA}"
EndProject
Project("{FAE04EC0-301F-11D3-BF4B-00C04F79EFBC}") = "P05_HTML", "P05_HTML\P05_HTML.csproj", "{51785BCD-DA89-42A5-953A-B329783FDD6F}"
EndProject
Global
	GlobalSection(SolutionConfigurationPlatforms) = preSolution
		Debug|Any CPU = Debug|Any CPU
		Release|Any CPU = Release|Any CPU
	EndGlobalSection
	GlobalSection(ProjectConfigurationPlatforms) = postSolution
		{2203C9D3-D1B6-46A4-82D5-62D5D655838A}.Debug|Any CPU.ActiveCfg = Debug|Any CPU
		{2203C9D3-D1B6-46A4-82D5-62D5D655838A}.Debug|Any CPU.Build.0 = Debug|Any CPU
		{2203C9D3-D1B6-46A4-82D5-62D5D655838A}.Release|Any CPU.ActiveCfg = Release|Any CPU
		{2203C9D3-D1B6-46A4-82D5-62D5D655838A}.Release|Any CPU.Build.0 = Release|Any CPU
		{7FDC586D-C090-4695-AF32-6BCA73CA7FF3}.Debug|Any CPU.ActiveCfg = Debug|Any CPU
		{7FDC586D-C090-4695-AF32-6BCA73CA7FF3}.Debug|Any CPU.Build.0 = Debug|Any CPU
		{7FDC586D-C090-4695-AF32-6BCA73CA7FF3}.Release|Any CPU.ActiveCfg = Release|Any CPU
		{7FDC586D-C090-4695-AF32-6BCA73CA7FF3}.Release|Any CPU.Build.0 = Release|Any CPU
		{24FC0EE3-C054-48A4-B300-D9B67415DE72}.Debug|Any CPU.ActiveCfg = Debug|Any CPU
		{24FC0EE3-C054-48A4-B300-D9B67415DE72}.Debug|Any CPU.Build.0 = Debug|Any CPU
		{24FC0EE3-C054-48A4-B300-D9B67415DE72}.Release|Any CPU.ActiveCfg = Release|Any CPU
		{24FC0EE3-C054-48A4-B300-D9B67415DE72}.Release|Any CPU.Build.0 = Release|Any CPU
		{BDBEF7CB-8E08-4F3E-B71C-76D4C969BADA}.Debug|Any CPU.ActiveCfg = Debug|Any CPU
		{BDBEF7CB-8E08-4F3E-B71C-76D4C969BADA}.Debug|Any CPU.Build.0 = Debug|Any CPU
		{BDBEF7CB-8E08-4F3E-B71C-76D4C969BADA}.Release|Any CPU.ActiveCfg = Release|Any CPU
		{BDBEF7CB-8E08-4F3E-B71C-76D4C969BADA}.Release|Any CPU.Build.0 = Release|Any CPU
		{51785BCD-DA89-42A5-953A-B329783FDD6F}.Debug|Any CPU.ActiveCfg = Debug|Any CPU
		{51785BCD-DA89-42A5-953A-B329783FDD6F}.Debug|Any CPU.Build.0 = Debug|Any CPU
		{51785BCD-DA89-42A5-953A-B329783FDD6F}.Release|Any CPU.ActiveCfg = Release|Any CPU
		{51785BCD-DA89-42A5-953A-B329783FDD6F}.Release|Any CPU.Build.0 = Release|Any CPU
	EndGlobalSection
	GlobalSection(SolutionProperties) = preSolution
		HideSolutionNode = FALSE
	EndGlobalSection
	GlobalSection(ExtensibilityGlobals) = postSolution
		SolutionGuid = {745A20E7-B5FD-44DC-962B-76E0681141F4}
	EndGlobalSection
EndGlobal
