
Microsoft Visual Studio Solution File, Format Version 12.00
# Visual Studio 15
VisualStudioVersion = 15.0.28307.572
MinimumVisualStudioVersion = 10.0.40219.1
Project("{9A19103F-16F7-4668-BE54-9A1E7A4F7556}") = "P01_NumberInRange1To100", "P01_NumberInRange1To100\P01_NumberInRange1To100.csproj", "{74AEDDB8-B7A4-4CD7-9893-37327E0714D7}"
EndProject
Project("{FAE04EC0-301F-11D3-BF4B-00C04F79EFBC}") = "P02_Password", "P02_Password\P02_Password.csproj", "{92CFEE37-74ED-465A-8436-0F552BF5AA3B}"
EndProject
Project("{FAE04EC0-301F-11D3-BF4B-00C04F79EFBC}") = "P03_Sequence2kPlus1", "P03_Sequence2kPlus1\P03_Sequence2kPlus1.csproj", "{417B6B88-7303-4C3E-94CA-3F54E2421EA5}"
EndProject
Project("{FAE04EC0-301F-11D3-BF4B-00C04F79EFBC}") = "P04_AccountBalance", "P04_AccountBalance\P04_AccountBalance.csproj", "{98AFFD57-8DB7-4007-81D7-DAC72B7B2448}"
EndProject
Project("{FAE04EC0-301F-11D3-BF4B-00C04F79EFBC}") = "P05_MaxNumber", "P05_MaxNumber\P05_MaxNumber.csproj", "{E5051873-A014-4A30-B974-7054F54F3CD1}"
EndProject
Project("{FAE04EC0-301F-11D3-BF4B-00C04F79EFBC}") = "P06_MinNumber", "P06_MinNumber\P06_MinNumber.csproj", "{A3A0521D-963E-41A9-868D-DB9E245C0BB5}"
EndProject
Project("{FAE04EC0-301F-11D3-BF4B-00C04F79EFBC}") = "P07_Graduation", "P07_Graduation\P07_Graduation.csproj", "{6D8BC415-F830-495C-BD82-41C42059D477}"
EndProject
Project("{FAE04EC0-301F-11D3-BF4B-00C04F79EFBC}") = "P08_GraduationPt2", "P08_GraduationPt2\P08_GraduationPt2.csproj", "{F6B6BFDE-E4F9-4C18-9648-FA054DDBA0EA}"
EndProject
Project("{FAE04EC0-301F-11D3-BF4B-00C04F79EFBC}") = "P09_Moving", "P09_Moving\P09_Moving.csproj", "{D0C2A3B3-5923-4CED-A16B-0E74748F5662}"
EndProject
Global
	GlobalSection(SolutionConfigurationPlatforms) = preSolution
		Debug|Any CPU = Debug|Any CPU
		Release|Any CPU = Release|Any CPU
	EndGlobalSection
	GlobalSection(ProjectConfigurationPlatforms) = postSolution
		{74AEDDB8-B7A4-4CD7-9893-37327E0714D7}.Debug|Any CPU.ActiveCfg = Debug|Any CPU
		{74AEDDB8-B7A4-4CD7-9893-37327E0714D7}.Debug|Any CPU.Build.0 = Debug|Any CPU
		{74AEDDB8-B7A4-4CD7-9893-37327E0714D7}.Release|Any CPU.ActiveCfg = Release|Any CPU
		{74AEDDB8-B7A4-4CD7-9893-37327E0714D7}.Release|Any CPU.Build.0 = Release|Any CPU
		{92CFEE37-74ED-465A-8436-0F552BF5AA3B}.Debug|Any CPU.ActiveCfg = Debug|Any CPU
		{92CFEE37-74ED-465A-8436-0F552BF5AA3B}.Debug|Any CPU.Build.0 = Debug|Any CPU
		{92CFEE37-74ED-465A-8436-0F552BF5AA3B}.Release|Any CPU.ActiveCfg = Release|Any CPU
		{92CFEE37-74ED-465A-8436-0F552BF5AA3B}.Release|Any CPU.Build.0 = Release|Any CPU
		{417B6B88-7303-4C3E-94CA-3F54E2421EA5}.Debug|Any CPU.ActiveCfg = Debug|Any CPU
		{417B6B88-7303-4C3E-94CA-3F54E2421EA5}.Debug|Any CPU.Build.0 = Debug|Any CPU
		{417B6B88-7303-4C3E-94CA-3F54E2421EA5}.Release|Any CPU.ActiveCfg = Release|Any CPU
		{417B6B88-7303-4C3E-94CA-3F54E2421EA5}.Release|Any CPU.Build.0 = Release|Any CPU
		{98AFFD57-8DB7-4007-81D7-DAC72B7B2448}.Debug|Any CPU.ActiveCfg = Debug|Any CPU
		{98AFFD57-8DB7-4007-81D7-DAC72B7B2448}.Debug|Any CPU.Build.0 = Debug|Any CPU
		{98AFFD57-8DB7-4007-81D7-DAC72B7B2448}.Release|Any CPU.ActiveCfg = Release|Any CPU
		{98AFFD57-8DB7-4007-81D7-DAC72B7B2448}.Release|Any CPU.Build.0 = Release|Any CPU
		{E5051873-A014-4A30-B974-7054F54F3CD1}.Debug|Any CPU.ActiveCfg = Debug|Any CPU
		{E5051873-A014-4A30-B974-7054F54F3CD1}.Debug|Any CPU.Build.0 = Debug|Any CPU
		{E5051873-A014-4A30-B974-7054F54F3CD1}.Release|Any CPU.ActiveCfg = Release|Any CPU
		{E5051873-A014-4A30-B974-7054F54F3CD1}.Release|Any CPU.Build.0 = Release|Any CPU
		{A3A0521D-963E-41A9-868D-DB9E245C0BB5}.Debug|Any CPU.ActiveCfg = Debug|Any CPU
		{A3A0521D-963E-41A9-868D-DB9E245C0BB5}.Debug|Any CPU.Build.0 = Debug|Any CPU
		{A3A0521D-963E-41A9-868D-DB9E245C0BB5}.Release|Any CPU.ActiveCfg = Release|Any CPU
		{A3A0521D-963E-41A9-868D-DB9E245C0BB5}.Release|Any CPU.Build.0 = Release|Any CPU
		{6D8BC415-F830-495C-BD82-41C42059D477}.Debug|Any CPU.ActiveCfg = Debug|Any CPU
		{6D8BC415-F830-495C-BD82-41C42059D477}.Debug|Any CPU.Build.0 = Debug|Any CPU
		{6D8BC415-F830-495C-BD82-41C42059D477}.Release|Any CPU.ActiveCfg = Release|Any CPU
		{6D8BC415-F830-495C-BD82-41C42059D477}.Release|Any CPU.Build.0 = Release|Any CPU
		{F6B6BFDE-E4F9-4C18-9648-FA054DDBA0EA}.Debug|Any CPU.ActiveCfg = Debug|Any CPU
		{F6B6BFDE-E4F9-4C18-9648-FA054DDBA0EA}.Debug|Any CPU.Build.0 = Debug|Any CPU
		{F6B6BFDE-E4F9-4C18-9648-FA054DDBA0EA}.Release|Any CPU.ActiveCfg = Release|Any CPU
		{F6B6BFDE-E4F9-4C18-9648-FA054DDBA0EA}.Release|Any CPU.Build.0 = Release|Any CPU
		{D0C2A3B3-5923-4CED-A16B-0E74748F5662}.Debug|Any CPU.ActiveCfg = Debug|Any CPU
		{D0C2A3B3-5923-4CED-A16B-0E74748F5662}.Debug|Any CPU.Build.0 = Debug|Any CPU
		{D0C2A3B3-5923-4CED-A16B-0E74748F5662}.Release|Any CPU.ActiveCfg = Release|Any CPU
		{D0C2A3B3-5923-4CED-A16B-0E74748F5662}.Release|Any CPU.Build.0 = Release|Any CPU
	EndGlobalSection
	GlobalSection(SolutionProperties) = preSolution
		HideSolutionNode = FALSE
	EndGlobalSection
	GlobalSection(ExtensibilityGlobals) = postSolution
		SolutionGuid = {8E88779D-2D78-4287-83F6-DB185E4FE58D}
	EndGlobalSection
EndGlobal
