
Microsoft Visual Studio Solution File, Format Version 12.00
# Visual Studio 15
VisualStudioVersion = 15.0.28307.572
MinimumVisualStudioVersion = 10.0.40219.1
Project("{FAE04EC0-301F-11D3-BF4B-00C04F79EFBC}") = "P01_Messaging", "P01_Messaging\P01_Messaging.csproj", "{564EED19-7F57-472E-A0D4-B68124C345AA}"
EndProject
Project("{FAE04EC0-301F-11D3-BF4B-00C04F79EFBC}") = "P02_CarRace", "P02_CarRace\P02_CarRace.csproj", "{1D29EDA2-8B3F-4885-B75D-E68AF6CE2809}"
EndProject
Project("{FAE04EC0-301F-11D3-BF4B-00C04F79EFBC}") = "P03_TakeSkipRope", "P03_TakeSkipRope\P03_TakeSkipRope.csproj", "{6A927092-E9D6-487E-B28D-C2CCB53DFF51}"
EndProject
Project("{FAE04EC0-301F-11D3-BF4B-00C04F79EFBC}") = "P04_MixedUpLists", "P04_MixedUpLists\P04_MixedUpLists.csproj", "{7655D919-3DD0-4545-B156-508480FD9010}"
EndProject
Project("{FAE04EC0-301F-11D3-BF4B-00C04F79EFBC}") = "P05_DrumSet", "P05_DrumSet\P05_DrumSet.csproj", "{A49D5BA0-1384-4149-B590-15D78B357627}"
EndProject
Global
	GlobalSection(SolutionConfigurationPlatforms) = preSolution
		Debug|Any CPU = Debug|Any CPU
		Release|Any CPU = Release|Any CPU
	EndGlobalSection
	GlobalSection(ProjectConfigurationPlatforms) = postSolution
		{564EED19-7F57-472E-A0D4-B68124C345AA}.Debug|Any CPU.ActiveCfg = Debug|Any CPU
		{564EED19-7F57-472E-A0D4-B68124C345AA}.Debug|Any CPU.Build.0 = Debug|Any CPU
		{564EED19-7F57-472E-A0D4-B68124C345AA}.Release|Any CPU.ActiveCfg = Release|Any CPU
		{564EED19-7F57-472E-A0D4-B68124C345AA}.Release|Any CPU.Build.0 = Release|Any CPU
		{1D29EDA2-8B3F-4885-B75D-E68AF6CE2809}.Debug|Any CPU.ActiveCfg = Debug|Any CPU
		{1D29EDA2-8B3F-4885-B75D-E68AF6CE2809}.Debug|Any CPU.Build.0 = Debug|Any CPU
		{1D29EDA2-8B3F-4885-B75D-E68AF6CE2809}.Release|Any CPU.ActiveCfg = Release|Any CPU
		{1D29EDA2-8B3F-4885-B75D-E68AF6CE2809}.Release|Any CPU.Build.0 = Release|Any CPU
		{6A927092-E9D6-487E-B28D-C2CCB53DFF51}.Debug|Any CPU.ActiveCfg = Debug|Any CPU
		{6A927092-E9D6-487E-B28D-C2CCB53DFF51}.Debug|Any CPU.Build.0 = Debug|Any CPU
		{6A927092-E9D6-487E-B28D-C2CCB53DFF51}.Release|Any CPU.ActiveCfg = Release|Any CPU
		{6A927092-E9D6-487E-B28D-C2CCB53DFF51}.Release|Any CPU.Build.0 = Release|Any CPU
		{7655D919-3DD0-4545-B156-508480FD9010}.Debug|Any CPU.ActiveCfg = Debug|Any CPU
		{7655D919-3DD0-4545-B156-508480FD9010}.Debug|Any CPU.Build.0 = Debug|Any CPU
		{7655D919-3DD0-4545-B156-508480FD9010}.Release|Any CPU.ActiveCfg = Release|Any CPU
		{7655D919-3DD0-4545-B156-508480FD9010}.Release|Any CPU.Build.0 = Release|Any CPU
		{A49D5BA0-1384-4149-B590-15D78B357627}.Debug|Any CPU.ActiveCfg = Debug|Any CPU
		{A49D5BA0-1384-4149-B590-15D78B357627}.Debug|Any CPU.Build.0 = Debug|Any CPU
		{A49D5BA0-1384-4149-B590-15D78B357627}.Release|Any CPU.ActiveCfg = Release|Any CPU
		{A49D5BA0-1384-4149-B590-15D78B357627}.Release|Any CPU.Build.0 = Release|Any CPU
	EndGlobalSection
	GlobalSection(SolutionProperties) = preSolution
		HideSolutionNode = FALSE
	EndGlobalSection
	GlobalSection(ExtensibilityGlobals) = postSolution
		SolutionGuid = {0EC8E599-85A4-41E6-81E4-358378542229}
	EndGlobalSection
EndGlobal
