
Microsoft Visual Studio Solution File, Format Version 12.00
# Visual Studio 15
VisualStudioVersion = 15.0.28307.779
MinimumVisualStudioVersion = 10.0.40219.1
Project("{FAE04EC0-301F-11D3-BF4B-00C04F79EFBC}") = "CarManufacturer", "CarManufacturer\CarManufacturer.csproj", "{3E7BE035-7CC1-48CF-BC99-60AE355D9F7D}"
EndProject
Global
	GlobalSection(SolutionConfigurationPlatforms) = preSolution
		Debug|Any CPU = Debug|Any CPU
		Release|Any CPU = Release|Any CPU
	EndGlobalSection
	GlobalSection(ProjectConfigurationPlatforms) = postSolution
		{3E7BE035-7CC1-48CF-BC99-60AE355D9F7D}.Debug|Any CPU.ActiveCfg = Debug|Any CPU
		{3E7BE035-7CC1-48CF-BC99-60AE355D9F7D}.Debug|Any CPU.Build.0 = Debug|Any CPU
		{3E7BE035-7CC1-48CF-BC99-60AE355D9F7D}.Release|Any CPU.ActiveCfg = Release|Any CPU
		{3E7BE035-7CC1-48CF-BC99-60AE355D9F7D}.Release|Any CPU.Build.0 = Release|Any CPU
	EndGlobalSection
	GlobalSection(SolutionProperties) = preSolution
		HideSolutionNode = FALSE
	EndGlobalSection
	GlobalSection(ExtensibilityGlobals) = postSolution
		SolutionGuid = {73B9EC6B-621A-4C0C-AB49-57EDE440F949}
	EndGlobalSection
EndGlobal
