
Microsoft Visual Studio Solution File, Format Version 12.00
# Visual Studio 15
VisualStudioVersion = 15.0.28307.329
MinimumVisualStudioVersion = 10.0.40219.1
Project("{9A19103F-16F7-4668-BE54-9A1E7A4F7556}") = "P01_InitialSetup", "P01_InitialSetup\P01_InitialSetup.csproj", "{0288CD64-E8C8-4F65-A861-79A758939D11}"
EndProject
Project("{9A19103F-16F7-4668-BE54-9A1E7A4F7556}") = "P01a_InitialSetup", "P01a_InitialSetup\P01a_InitialSetup.csproj", "{C9B2CA45-6032-4933-9EA3-A3C26D08CD3C}"
EndProject
Project("{9A19103F-16F7-4668-BE54-9A1E7A4F7556}") = "P02_VillianNames", "P02_VillianNames\P02_VillianNames.csproj", "{BE4479B2-39C4-4DB4-A2EC-3877D214E5B4}"
EndProject
Project("{9A19103F-16F7-4668-BE54-9A1E7A4F7556}") = "P03_MinionNames", "P03_MinionNames\P03_MinionNames.csproj", "{B43A9655-7625-4DBC-BDD1-92803ED5CD64}"
EndProject
Project("{9A19103F-16F7-4668-BE54-9A1E7A4F7556}") = "P04_AddMinion", "P04_AddMinion\P04_AddMinion.csproj", "{717E632C-9208-45D4-BFA3-9AA720D6F193}"
EndProject
Project("{FAE04EC0-301F-11D3-BF4B-00C04F79EFBC}") = "P05_ChangTownNameCasing", "P05_ChangTownNameCasing\P05_ChangTownNameCasing.csproj", "{2FA2E42D-233A-464C-8568-35FA81B953B6}"
EndProject
Project("{FAE04EC0-301F-11D3-BF4B-00C04F79EFBC}") = "P06_RemoveVillain", "P06_RemoveVillain\P06_RemoveVillain.csproj", "{2D077377-253B-4689-B86D-21DDC952D7A6}"
EndProject
Project("{FAE04EC0-301F-11D3-BF4B-00C04F79EFBC}") = "P07_PrintAllMinionNames", "P07_PrintAllMinionNames\P07_PrintAllMinionNames.csproj", "{1AA37739-3DBD-4256-8854-768BD9F63975}"
EndProject
Project("{FAE04EC0-301F-11D3-BF4B-00C04F79EFBC}") = "P08_IncreaseMinionAge", "P08_IncreaseMinionAge\P08_IncreaseMinionAge.csproj", "{6A09351B-1CC3-4850-A95E-6FEBB4B72BED}"
EndProject
Project("{FAE04EC0-301F-11D3-BF4B-00C04F79EFBC}") = "P09_IncreaseAgeSP", "P09_IncreaseAgeSP\P09_IncreaseAgeSP.csproj", "{CC51F43E-DA71-4949-B962-ABB0ED5E344C}"
EndProject
Global
	GlobalSection(SolutionConfigurationPlatforms) = preSolution
		Debug|Any CPU = Debug|Any CPU
		Release|Any CPU = Release|Any CPU
	EndGlobalSection
	GlobalSection(ProjectConfigurationPlatforms) = postSolution
		{0288CD64-E8C8-4F65-A861-79A758939D11}.Debug|Any CPU.ActiveCfg = Debug|Any CPU
		{0288CD64-E8C8-4F65-A861-79A758939D11}.Debug|Any CPU.Build.0 = Debug|Any CPU
		{0288CD64-E8C8-4F65-A861-79A758939D11}.Release|Any CPU.ActiveCfg = Release|Any CPU
		{0288CD64-E8C8-4F65-A861-79A758939D11}.Release|Any CPU.Build.0 = Release|Any CPU
		{C9B2CA45-6032-4933-9EA3-A3C26D08CD3C}.Debug|Any CPU.ActiveCfg = Debug|Any CPU
		{C9B2CA45-6032-4933-9EA3-A3C26D08CD3C}.Debug|Any CPU.Build.0 = Debug|Any CPU
		{C9B2CA45-6032-4933-9EA3-A3C26D08CD3C}.Release|Any CPU.ActiveCfg = Release|Any CPU
		{C9B2CA45-6032-4933-9EA3-A3C26D08CD3C}.Release|Any CPU.Build.0 = Release|Any CPU
		{BE4479B2-39C4-4DB4-A2EC-3877D214E5B4}.Debug|Any CPU.ActiveCfg = Debug|Any CPU
		{BE4479B2-39C4-4DB4-A2EC-3877D214E5B4}.Debug|Any CPU.Build.0 = Debug|Any CPU
		{BE4479B2-39C4-4DB4-A2EC-3877D214E5B4}.Release|Any CPU.ActiveCfg = Release|Any CPU
		{BE4479B2-39C4-4DB4-A2EC-3877D214E5B4}.Release|Any CPU.Build.0 = Release|Any CPU
		{B43A9655-7625-4DBC-BDD1-92803ED5CD64}.Debug|Any CPU.ActiveCfg = Debug|Any CPU
		{B43A9655-7625-4DBC-BDD1-92803ED5CD64}.Debug|Any CPU.Build.0 = Debug|Any CPU
		{B43A9655-7625-4DBC-BDD1-92803ED5CD64}.Release|Any CPU.ActiveCfg = Release|Any CPU
		{B43A9655-7625-4DBC-BDD1-92803ED5CD64}.Release|Any CPU.Build.0 = Release|Any CPU
		{717E632C-9208-45D4-BFA3-9AA720D6F193}.Debug|Any CPU.ActiveCfg = Debug|Any CPU
		{717E632C-9208-45D4-BFA3-9AA720D6F193}.Debug|Any CPU.Build.0 = Debug|Any CPU
		{717E632C-9208-45D4-BFA3-9AA720D6F193}.Release|Any CPU.ActiveCfg = Release|Any CPU
		{717E632C-9208-45D4-BFA3-9AA720D6F193}.Release|Any CPU.Build.0 = Release|Any CPU
		{2FA2E42D-233A-464C-8568-35FA81B953B6}.Debug|Any CPU.ActiveCfg = Debug|Any CPU
		{2FA2E42D-233A-464C-8568-35FA81B953B6}.Debug|Any CPU.Build.0 = Debug|Any CPU
		{2FA2E42D-233A-464C-8568-35FA81B953B6}.Release|Any CPU.ActiveCfg = Release|Any CPU
		{2FA2E42D-233A-464C-8568-35FA81B953B6}.Release|Any CPU.Build.0 = Release|Any CPU
		{2D077377-253B-4689-B86D-21DDC952D7A6}.Debug|Any CPU.ActiveCfg = Debug|Any CPU
		{2D077377-253B-4689-B86D-21DDC952D7A6}.Debug|Any CPU.Build.0 = Debug|Any CPU
		{2D077377-253B-4689-B86D-21DDC952D7A6}.Release|Any CPU.ActiveCfg = Release|Any CPU
		{2D077377-253B-4689-B86D-21DDC952D7A6}.Release|Any CPU.Build.0 = Release|Any CPU
		{1AA37739-3DBD-4256-8854-768BD9F63975}.Debug|Any CPU.ActiveCfg = Debug|Any CPU
		{1AA37739-3DBD-4256-8854-768BD9F63975}.Debug|Any CPU.Build.0 = Debug|Any CPU
		{1AA37739-3DBD-4256-8854-768BD9F63975}.Release|Any CPU.ActiveCfg = Release|Any CPU
		{1AA37739-3DBD-4256-8854-768BD9F63975}.Release|Any CPU.Build.0 = Release|Any CPU
		{6A09351B-1CC3-4850-A95E-6FEBB4B72BED}.Debug|Any CPU.ActiveCfg = Debug|Any CPU
		{6A09351B-1CC3-4850-A95E-6FEBB4B72BED}.Debug|Any CPU.Build.0 = Debug|Any CPU
		{6A09351B-1CC3-4850-A95E-6FEBB4B72BED}.Release|Any CPU.ActiveCfg = Release|Any CPU
		{6A09351B-1CC3-4850-A95E-6FEBB4B72BED}.Release|Any CPU.Build.0 = Release|Any CPU
		{CC51F43E-DA71-4949-B962-ABB0ED5E344C}.Debug|Any CPU.ActiveCfg = Debug|Any CPU
		{CC51F43E-DA71-4949-B962-ABB0ED5E344C}.Debug|Any CPU.Build.0 = Debug|Any CPU
		{CC51F43E-DA71-4949-B962-ABB0ED5E344C}.Release|Any CPU.ActiveCfg = Release|Any CPU
		{CC51F43E-DA71-4949-B962-ABB0ED5E344C}.Release|Any CPU.Build.0 = Release|Any CPU
	EndGlobalSection
	GlobalSection(SolutionProperties) = preSolution
		HideSolutionNode = FALSE
	EndGlobalSection
	GlobalSection(ExtensibilityGlobals) = postSolution
		SolutionGuid = {447C06BE-6A06-4DE4-A1D4-5BAC990BBCDD}
	EndGlobalSection
EndGlobal
