
Microsoft Visual Studio Solution File, Format Version 12.00
# Visual Studio 15
VisualStudioVersion = 15.0.28307.902
MinimumVisualStudioVersion = 10.0.40219.1
Project("{9A19103F-16F7-4668-BE54-9A1E7A4F7556}") = "P01_ClassBoxData", "P01_ClassBoxData\P01_ClassBoxData.csproj", "{E4E863CC-0A5A-45AC-AB93-1DEEE358FAC1}"
EndProject
Project("{FAE04EC0-301F-11D3-BF4B-00C04F79EFBC}") = "P03_ShoppingSpree", "P03_ShoppingSpree\P03_ShoppingSpree.csproj", "{C3F62B10-6F74-438D-AD99-D28E51EAD481}"
EndProject
Project("{FAE04EC0-301F-11D3-BF4B-00C04F79EFBC}") = "P04_PizzaCalories", "P04_PizzaCalories\P04_PizzaCalories.csproj", "{8B82C7D3-CD52-4125-8CFE-1005D622544F}"
EndProject
Project("{FAE04EC0-301F-11D3-BF4B-00C04F79EFBC}") = "P05_FootballTeamGenerator", "P05_FootballTeamGenerator\P05_FootballTeamGenerator.csproj", "{8B3B6C1F-BBC7-4502-AF7C-F80024932498}"
EndProject
Global
	GlobalSection(SolutionConfigurationPlatforms) = preSolution
		Debug|Any CPU = Debug|Any CPU
		Release|Any CPU = Release|Any CPU
	EndGlobalSection
	GlobalSection(ProjectConfigurationPlatforms) = postSolution
		{E4E863CC-0A5A-45AC-AB93-1DEEE358FAC1}.Debug|Any CPU.ActiveCfg = Debug|Any CPU
		{E4E863CC-0A5A-45AC-AB93-1DEEE358FAC1}.Debug|Any CPU.Build.0 = Debug|Any CPU
		{E4E863CC-0A5A-45AC-AB93-1DEEE358FAC1}.Release|Any CPU.ActiveCfg = Release|Any CPU
		{E4E863CC-0A5A-45AC-AB93-1DEEE358FAC1}.Release|Any CPU.Build.0 = Release|Any CPU
		{C3F62B10-6F74-438D-AD99-D28E51EAD481}.Debug|Any CPU.ActiveCfg = Debug|Any CPU
		{C3F62B10-6F74-438D-AD99-D28E51EAD481}.Debug|Any CPU.Build.0 = Debug|Any CPU
		{C3F62B10-6F74-438D-AD99-D28E51EAD481}.Release|Any CPU.ActiveCfg = Release|Any CPU
		{C3F62B10-6F74-438D-AD99-D28E51EAD481}.Release|Any CPU.Build.0 = Release|Any CPU
		{8B82C7D3-CD52-4125-8CFE-1005D622544F}.Debug|Any CPU.ActiveCfg = Debug|Any CPU
		{8B82C7D3-CD52-4125-8CFE-1005D622544F}.Debug|Any CPU.Build.0 = Debug|Any CPU
		{8B82C7D3-CD52-4125-8CFE-1005D622544F}.Release|Any CPU.ActiveCfg = Release|Any CPU
		{8B82C7D3-CD52-4125-8CFE-1005D622544F}.Release|Any CPU.Build.0 = Release|Any CPU
		{8B3B6C1F-BBC7-4502-AF7C-F80024932498}.Debug|Any CPU.ActiveCfg = Debug|Any CPU
		{8B3B6C1F-BBC7-4502-AF7C-F80024932498}.Debug|Any CPU.Build.0 = Debug|Any CPU
		{8B3B6C1F-BBC7-4502-AF7C-F80024932498}.Release|Any CPU.ActiveCfg = Release|Any CPU
		{8B3B6C1F-BBC7-4502-AF7C-F80024932498}.Release|Any CPU.Build.0 = Release|Any CPU
	EndGlobalSection
	GlobalSection(SolutionProperties) = preSolution
		HideSolutionNode = FALSE
	EndGlobalSection
	GlobalSection(ExtensibilityGlobals) = postSolution
		SolutionGuid = {7E69B452-3602-4031-B6A2-5471C48F8C9A}
	EndGlobalSection
EndGlobal
